
Microsoft Visual Studio Solution File, Format Version 12.00
# Visual Studio Version 17
VisualStudioVersion = 17.9.34723.18
MinimumVisualStudioVersion = 10.0.40219.1
Project("{FAE04EC0-301F-11D3-BF4B-00C04F79EFBC}") = "SecureDashboard.Server", "SecureDashboard.Server\SecureDashboard.Server.csproj", "{EDF98E5E-47E3-4848-8C8F-A3DB1368091E}"
EndProject
Project("{54A90642-561A-4BB1-A94E-469ADEE60C69}") = "securedashboard.client", "securedashboard.client\securedashboard.client.esproj", "{ECC695CE-2C10-4497-8AE3-3F8753CC4649}"
EndProject
Global
	GlobalSection(SolutionConfigurationPlatforms) = preSolution
		Debug|Any CPU = Debug|Any CPU
		Release|Any CPU = Release|Any CPU
	EndGlobalSection
	GlobalSection(ProjectConfigurationPlatforms) = postSolution
		{EDF98E5E-47E3-4848-8C8F-A3DB1368091E}.Debug|Any CPU.ActiveCfg = Debug|Any CPU
		{EDF98E5E-47E3-4848-8C8F-A3DB1368091E}.Debug|Any CPU.Build.0 = Debug|Any CPU
		{EDF98E5E-47E3-4848-8C8F-A3DB1368091E}.Release|Any CPU.ActiveCfg = Release|Any CPU
		{EDF98E5E-47E3-4848-8C8F-A3DB1368091E}.Release|Any CPU.Build.0 = Release|Any CPU
		{ECC695CE-2C10-4497-8AE3-3F8753CC4649}.Debug|Any CPU.ActiveCfg = Debug|Any CPU
		{ECC695CE-2C10-4497-8AE3-3F8753CC4649}.Debug|Any CPU.Build.0 = Debug|Any CPU
		{ECC695CE-2C10-4497-8AE3-3F8753CC4649}.Debug|Any CPU.Deploy.0 = Debug|Any CPU
		{ECC695CE-2C10-4497-8AE3-3F8753CC4649}.Release|Any CPU.ActiveCfg = Release|Any CPU
		{ECC695CE-2C10-4497-8AE3-3F8753CC4649}.Release|Any CPU.Build.0 = Release|Any CPU
		{ECC695CE-2C10-4497-8AE3-3F8753CC4649}.Release|Any CPU.Deploy.0 = Release|Any CPU
	EndGlobalSection
	GlobalSection(SolutionProperties) = preSolution
		HideSolutionNode = FALSE
	EndGlobalSection
	GlobalSection(ExtensibilityGlobals) = postSolution
		SolutionGuid = {BEFFABA3-76EC-4347-BA8E-3F729B1877CC}
	EndGlobalSection
EndGlobal
